
Microsoft Visual Studio Solution File, Format Version 12.00
# Visual Studio Version 16
VisualStudioVersion = 16.0.30114.105
MinimumVisualStudioVersion = 10.0.40219.1
Project("{F2A71F9B-5D33-465A-A702-920D77279786}") = "FsWebSample.App.Main", "FsWebSample.App.Main\FsWebSample.App.Main.fsproj", "{607E6ABF-B3EE-4590-AA79-492124083316}"
EndProject
Project("{F2A71F9B-5D33-465A-A702-920D77279786}") = "FsWebSample.Lib.WeatherForecast", "FsWebSample.Lib.WeatherForecast\FsWebSample.Lib.WeatherForecast.fsproj", "{DA81C94E-D449-4755-93FA-4B88D59CE987}"
EndProject
Project("{F2A71F9B-5D33-465A-A702-920D77279786}") = "FsWebSample.Test.App.Main", "FsWebSample.Test.App.Main\FsWebSample.Test.App.Main.fsproj", "{0FDFCF62-8325-4401-9008-48AFC7796B26}"
EndProject
Project("{F2A71F9B-5D33-465A-A702-920D77279786}") = "FsWebSample.Test.Lib.WeatherForecast", "FsWebSample.Test.Lib.WeatherForecast\FsWebSample.Test.Lib.WeatherForecast.fsproj", "{10ED4C68-99A0-4901-B6FE-67BE3802EF8C}"
EndProject
Global
	GlobalSection(SolutionConfigurationPlatforms) = preSolution
		Debug|Any CPU = Debug|Any CPU
		Debug|x64 = Debug|x64
		Debug|x86 = Debug|x86
		Release|Any CPU = Release|Any CPU
		Release|x64 = Release|x64
		Release|x86 = Release|x86
	EndGlobalSection
	GlobalSection(SolutionProperties) = preSolution
		HideSolutionNode = FALSE
	EndGlobalSection
	GlobalSection(ProjectConfigurationPlatforms) = postSolution
		{607E6ABF-B3EE-4590-AA79-492124083316}.Debug|Any CPU.ActiveCfg = Debug|Any CPU
		{607E6ABF-B3EE-4590-AA79-492124083316}.Debug|Any CPU.Build.0 = Debug|Any CPU
		{607E6ABF-B3EE-4590-AA79-492124083316}.Debug|x64.ActiveCfg = Debug|Any CPU
		{607E6ABF-B3EE-4590-AA79-492124083316}.Debug|x64.Build.0 = Debug|Any CPU
		{607E6ABF-B3EE-4590-AA79-492124083316}.Debug|x86.ActiveCfg = Debug|Any CPU
		{607E6ABF-B3EE-4590-AA79-492124083316}.Debug|x86.Build.0 = Debug|Any CPU
		{607E6ABF-B3EE-4590-AA79-492124083316}.Release|Any CPU.ActiveCfg = Release|Any CPU
		{607E6ABF-B3EE-4590-AA79-492124083316}.Release|Any CPU.Build.0 = Release|Any CPU
		{607E6ABF-B3EE-4590-AA79-492124083316}.Release|x64.ActiveCfg = Release|Any CPU
		{607E6ABF-B3EE-4590-AA79-492124083316}.Release|x64.Build.0 = Release|Any CPU
		{607E6ABF-B3EE-4590-AA79-492124083316}.Release|x86.ActiveCfg = Release|Any CPU
		{607E6ABF-B3EE-4590-AA79-492124083316}.Release|x86.Build.0 = Release|Any CPU
		{DA81C94E-D449-4755-93FA-4B88D59CE987}.Debug|Any CPU.ActiveCfg = Debug|Any CPU
		{DA81C94E-D449-4755-93FA-4B88D59CE987}.Debug|Any CPU.Build.0 = Debug|Any CPU
		{DA81C94E-D449-4755-93FA-4B88D59CE987}.Debug|x64.ActiveCfg = Debug|Any CPU
		{DA81C94E-D449-4755-93FA-4B88D59CE987}.Debug|x64.Build.0 = Debug|Any CPU
		{DA81C94E-D449-4755-93FA-4B88D59CE987}.Debug|x86.ActiveCfg = Debug|Any CPU
		{DA81C94E-D449-4755-93FA-4B88D59CE987}.Debug|x86.Build.0 = Debug|Any CPU
		{DA81C94E-D449-4755-93FA-4B88D59CE987}.Release|Any CPU.ActiveCfg = Release|Any CPU
		{DA81C94E-D449-4755-93FA-4B88D59CE987}.Release|Any CPU.Build.0 = Release|Any CPU
		{DA81C94E-D449-4755-93FA-4B88D59CE987}.Release|x64.ActiveCfg = Release|Any CPU
		{DA81C94E-D449-4755-93FA-4B88D59CE987}.Release|x64.Build.0 = Release|Any CPU
		{DA81C94E-D449-4755-93FA-4B88D59CE987}.Release|x86.ActiveCfg = Release|Any CPU
		{DA81C94E-D449-4755-93FA-4B88D59CE987}.Release|x86.Build.0 = Release|Any CPU
		{0FDFCF62-8325-4401-9008-48AFC7796B26}.Debug|Any CPU.ActiveCfg = Debug|Any CPU
		{0FDFCF62-8325-4401-9008-48AFC7796B26}.Debug|Any CPU.Build.0 = Debug|Any CPU
		{0FDFCF62-8325-4401-9008-48AFC7796B26}.Debug|x64.ActiveCfg = Debug|Any CPU
		{0FDFCF62-8325-4401-9008-48AFC7796B26}.Debug|x64.Build.0 = Debug|Any CPU
		{0FDFCF62-8325-4401-9008-48AFC7796B26}.Debug|x86.ActiveCfg = Debug|Any CPU
		{0FDFCF62-8325-4401-9008-48AFC7796B26}.Debug|x86.Build.0 = Debug|Any CPU
		{0FDFCF62-8325-4401-9008-48AFC7796B26}.Release|Any CPU.ActiveCfg = Release|Any CPU
		{0FDFCF62-8325-4401-9008-48AFC7796B26}.Release|Any CPU.Build.0 = Release|Any CPU
		{0FDFCF62-8325-4401-9008-48AFC7796B26}.Release|x64.ActiveCfg = Release|Any CPU
		{0FDFCF62-8325-4401-9008-48AFC7796B26}.Release|x64.Build.0 = Release|Any CPU
		{0FDFCF62-8325-4401-9008-48AFC7796B26}.Release|x86.ActiveCfg = Release|Any CPU
		{0FDFCF62-8325-4401-9008-48AFC7796B26}.Release|x86.Build.0 = Release|Any CPU
		{10ED4C68-99A0-4901-B6FE-67BE3802EF8C}.Debug|Any CPU.ActiveCfg = Debug|Any CPU
		{10ED4C68-99A0-4901-B6FE-67BE3802EF8C}.Debug|Any CPU.Build.0 = Debug|Any CPU
		{10ED4C68-99A0-4901-B6FE-67BE3802EF8C}.Debug|x64.ActiveCfg = Debug|Any CPU
		{10ED4C68-99A0-4901-B6FE-67BE3802EF8C}.Debug|x64.Build.0 = Debug|Any CPU
		{10ED4C68-99A0-4901-B6FE-67BE3802EF8C}.Debug|x86.ActiveCfg = Debug|Any CPU
		{10ED4C68-99A0-4901-B6FE-67BE3802EF8C}.Debug|x86.Build.0 = Debug|Any CPU
		{10ED4C68-99A0-4901-B6FE-67BE3802EF8C}.Release|Any CPU.ActiveCfg = Release|Any CPU
		{10ED4C68-99A0-4901-B6FE-67BE3802EF8C}.Release|Any CPU.Build.0 = Release|Any CPU
		{10ED4C68-99A0-4901-B6FE-67BE3802EF8C}.Release|x64.ActiveCfg = Release|Any CPU
		{10ED4C68-99A0-4901-B6FE-67BE3802EF8C}.Release|x64.Build.0 = Release|Any CPU
		{10ED4C68-99A0-4901-B6FE-67BE3802EF8C}.Release|x86.ActiveCfg = Release|Any CPU
		{10ED4C68-99A0-4901-B6FE-67BE3802EF8C}.Release|x86.Build.0 = Release|Any CPU
	EndGlobalSection
EndGlobal
